
Microsoft Visual Studio Solution File, Format Version 12.00
# Visual Studio Version 17
VisualStudioVersion = 17.4.33122.133
MinimumVisualStudioVersion = 10.0.40219.1
Project("{9A19103F-16F7-4668-BE54-9A1E7A4F7556}") = "Employee.Web", "Employee.Api\Employee.Web.csproj", "{6DC2C0C6-9C47-4ACE-A9CD-F4C2E8AE3DB1}"
EndProject
Project("{9A19103F-16F7-4668-BE54-9A1E7A4F7556}") = "Employee.Infrastructure", "Employee.Infrastructure\Employee.Infrastructure.csproj", "{77E1AE67-E82C-4060-82A6-5C46D55C4526}"
EndProject
Project("{9A19103F-16F7-4668-BE54-9A1E7A4F7556}") = "Employee.Application", "Employee.Application\Employee.Application.csproj", "{3A9556E8-B144-4635-AA0C-0726935866A9}"
EndProject
Global
	GlobalSection(SolutionConfigurationPlatforms) = preSolution
		Debug|Any CPU = Debug|Any CPU
		Release|Any CPU = Release|Any CPU
	EndGlobalSection
	GlobalSection(ProjectConfigurationPlatforms) = postSolution
		{6DC2C0C6-9C47-4ACE-A9CD-F4C2E8AE3DB1}.Debug|Any CPU.ActiveCfg = Debug|Any CPU
		{6DC2C0C6-9C47-4ACE-A9CD-F4C2E8AE3DB1}.Debug|Any CPU.Build.0 = Debug|Any CPU
		{6DC2C0C6-9C47-4ACE-A9CD-F4C2E8AE3DB1}.Release|Any CPU.ActiveCfg = Release|Any CPU
		{6DC2C0C6-9C47-4ACE-A9CD-F4C2E8AE3DB1}.Release|Any CPU.Build.0 = Release|Any CPU
		{77E1AE67-E82C-4060-82A6-5C46D55C4526}.Debug|Any CPU.ActiveCfg = Debug|Any CPU
		{77E1AE67-E82C-4060-82A6-5C46D55C4526}.Debug|Any CPU.Build.0 = Debug|Any CPU
		{77E1AE67-E82C-4060-82A6-5C46D55C4526}.Release|Any CPU.ActiveCfg = Release|Any CPU
		{77E1AE67-E82C-4060-82A6-5C46D55C4526}.Release|Any CPU.Build.0 = Release|Any CPU
		{3A9556E8-B144-4635-AA0C-0726935866A9}.Debug|Any CPU.ActiveCfg = Debug|Any CPU
		{3A9556E8-B144-4635-AA0C-0726935866A9}.Debug|Any CPU.Build.0 = Debug|Any CPU
		{3A9556E8-B144-4635-AA0C-0726935866A9}.Release|Any CPU.ActiveCfg = Release|Any CPU
		{3A9556E8-B144-4635-AA0C-0726935866A9}.Release|Any CPU.Build.0 = Release|Any CPU
	EndGlobalSection
	GlobalSection(SolutionProperties) = preSolution
		HideSolutionNode = FALSE
	EndGlobalSection
	GlobalSection(ExtensibilityGlobals) = postSolution
		SolutionGuid = {70CFF880-4AB1-412A-BCF9-FFD24595C15E}
	EndGlobalSection
EndGlobal
